PODS:
  - Alamofire (4.7.1)
  - SwiftyXMLParser (4.1.0)
  - YouTubePlayer-Swift (1.0)

DEPENDENCIES:
  - Alamofire (= 4.7.1)
  - SwiftyXMLParser (from `https://github.com/yahoojapan/SwiftyXMLParser.git`)
  - YouTubePlayer-Swift (~> 1.0)

EXTERNAL SOURCES:
  SwiftyXMLParser:
    :git: https://github.com/yahoojapan/SwiftyXMLParser.git

CHECKOUT OPTIONS:
  SwiftyXMLParser:
    :commit: 1ddcad0a09efb85f2325d994c2169cd9ba116ae3
    :git: https://github.com/yahoojapan/SwiftyXMLParser.git

SPEC CHECKSUMS:
  Alamofire: 68d7d521118d49c615a8d2214d87cdf525599d30
  SwiftyXMLParser: b5a79fb8a730903703d0a92d30752a0b05158967
  YouTubePlayer-Swift: ae82f4bcb504162a872b852596a9dc1fa3828c34

PODFILE CHECKSUM: 5874d5a339315b64a887bdd72667ffe4563d7562

COCOAPODS: 1.4.0
